<?xml version="1.0" encoding="utf-8"?>
<Project ToolsVersion="4.0" xmlns="http://schemas.microsoft.com/developer/msbuild/2003">
  <ItemGroup>
    <Filter Include="Source Files">
      <UniqueIdentifier>{4FC737F1-C7A5-4376-A066-2A32D752A2FF}</UniqueIdentifier>
      <Extensions>cpp;c;cc;cxx;c++;cppm;ixx;def;odl;idl;hpj;bat;asm;asmx</Extensions>
    </Filter>
    <Filter Include="Header Files">
      <UniqueIdentifier>{93995380-89BD-4b04-88EB-625FBE52EBFB}</UniqueIdentifier>
      <Extensions>h;hh;hpp;hxx;h++;hm;inl;inc;ipp;xsd</Extensions>
    </Filter>
    <Filter Include="Resource Files">
      <UniqueIdentifier>{67DA6AB6-F800-4c08-8B7A-83BB121AAD01}</UniqueIdentifier>
      <Extensions>rc;ico;cur;bmp;dlg;rc2;rct;bin;rgs;gif;jpg;jpeg;jpe;resx;tiff;tif;png;wav;mfcribbon-ms</Extensions>
    </Filter>
    <Filter Include="Data">
      <UniqueIdentifier>{1d61af97-ba56-4fd0-bdfd-8901ad826cf5}</UniqueIdentifier>
    </Filter>
  </ItemGroup>
  <ItemGroup>
    <ClCompile Include="binary_tree.cpp">
      <Filter>Source Files</Filter>
    </ClCompile>
    <ClCompile Include="center.cpp">
      <Filter>Source Files</Filter>
    </ClCompile>
    <ClCompile Include="date.cpp">
      <Filter>Source Files</Filter>
    </ClCompile>
    <ClCompile Include="file2struct.cpp">
      <Filter>Source Files</Filter>
    </ClCompile>
    <ClCompile Include="main.cpp">
      <Filter>Source Files</Filter>
    </ClCompile>
    <ClCompile Include="my_stack.cpp">
      <Filter>Source Files</Filter>
    </ClCompile>
    <ClCompile Include="node.cpp">
      <Filter>Source Files</Filter>
    </ClCompile>
    <ClCompile Include="subject.cpp">
      <Filter>Source Files</Filter>
    </ClCompile>
    <ClCompile Include="tutor.cpp">
      <Filter>Source Files</Filter>
    </ClCompile>
    <ClCompile Include="display.cpp">
      <Filter>Source Files</Filter>
    </ClCompile>
    <ClCompile Include="admin_menu.cpp">
      <Filter>Source Files</Filter>
    </ClCompile>
    <ClCompile Include="student_menu.cpp">
      <Filter>Source Files</Filter>
    </ClCompile>
    <ClCompile Include="authentication.cpp">
      <Filter>Source Files</Filter>
    </ClCompile>
    <ClCompile Include="add.cpp">
      <Filter>Source Files</Filter>
    </ClCompile>
    <ClCompile Include="validate.cpp">
      <Filter>Source Files</Filter>
    </ClCompile>
    <ClCompile Include="admin.cpp">
      <Filter>Source Files</Filter>
    </ClCompile>
    <ClCompile Include="student.cpp">
      <Filter>Source Files</Filter>
    </ClCompile>
    <ClCompile Include="sort.cpp">
      <Filter>Source Files</Filter>
    </ClCompile>
    <ClCompile Include="search.cpp">
      <Filter>Source Files</Filter>
    </ClCompile>
    <ClCompile Include="delete.cpp">
      <Filter>Source Files</Filter>
    </ClCompile>
    <ClCompile Include="modify.cpp">
      <Filter>Source Files</Filter>
    </ClCompile>
  </ItemGroup>
  <ItemGroup>
    <ClInclude Include="binary_tree.h">
      <Filter>Header Files</Filter>
    </ClInclude>
    <ClInclude Include="my_stack.h">
      <Filter>Header Files</Filter>
    </ClInclude>
    <ClInclude Include="node.h">
      <Filter>Header Files</Filter>
    </ClInclude>
    <ClInclude Include="center.h">
      <Filter>Header Files</Filter>
    </ClInclude>
    <ClInclude Include="date.h">
      <Filter>Header Files</Filter>
    </ClInclude>
    <ClInclude Include="file2struct.h">
      <Filter>Header Files</Filter>
    </ClInclude>
    <ClInclude Include="subject.h">
      <Filter>Header Files</Filter>
    </ClInclude>
    <ClInclude Include="tutor.h">
      <Filter>Header Files</Filter>
    </ClInclude>
    <ClInclude Include="display.h">
      <Filter>Header Files</Filter>
    </ClInclude>
    <ClInclude Include="admin_menu.h">
      <Filter>Header Files</Filter>
    </ClInclude>
    <ClInclude Include="student_menu.h">
      <Filter>Header Files</Filter>
    </ClInclude>
    <ClInclude Include="authentication.h">
      <Filter>Header Files</Filter>
    </ClInclude>
    <ClInclude Include="add.h">
      <Filter>Header Files</Filter>
    </ClInclude>
    <ClInclude Include="validate.h">
      <Filter>Header Files</Filter>
    </ClInclude>
    <ClInclude Include="admin.h">
      <Filter>Header Files</Filter>
    </ClInclude>
    <ClInclude Include="student.h">
      <Filter>Header Files</Filter>
    </ClInclude>
    <ClInclude Include="sort.h">
      <Filter>Header Files</Filter>
    </ClInclude>
    <ClInclude Include="search.h">
      <Filter>Header Files</Filter>
    </ClInclude>
    <ClInclude Include="delete.h">
      <Filter>Header Files</Filter>
    </ClInclude>
    <ClInclude Include="modify.h">
      <Filter>Header Files</Filter>
    </ClInclude>
  </ItemGroup>
  <ItemGroup>
    <Text Include="center.txt">
      <Filter>Data</Filter>
    </Text>
    <Text Include="subject.txt">
      <Filter>Data</Filter>
    </Text>
    <Text Include="tutor.txt">
      <Filter>Data</Filter>
    </Text>
    <Text Include="admin.txt">
      <Filter>Data</Filter>
    </Text>
    <Text Include="student.txt">
      <Filter>Data</Filter>
    </Text>
  </ItemGroup>
</Project>
